
Microsoft Visual Studio Solution File, Format Version 12.00
# Visual Studio Version 17
VisualStudioVersion = 17.4.33205.214
MinimumVisualStudioVersion = 10.0.40219.1
Project("{8BC9CEB8-8B4A-11D0-8D11-00A0C91BC942}") = "QPicture", "QPicture\QPicture.vcxproj", "{F5DCD9F6-A986-4F47-92E0-530DCA025141}"
EndProject
Global
	GlobalSection(SolutionConfigurationPlatforms) = preSolution
		Debug|x64 = Debug|x64
		Release|x64 = Release|x64
	EndGlobalSection
	GlobalSection(ProjectConfigurationPlatforms) = postSolution
		{F5DCD9F6-A986-4F47-92E0-530DCA025141}.Debug|x64.ActiveCfg = Debug|x64
		{F5DCD9F6-A986-4F47-92E0-530DCA025141}.Debug|x64.Build.0 = Debug|x64
		{F5DCD9F6-A986-4F47-92E0-530DCA025141}.Release|x64.ActiveCfg = Release|x64
		{F5DCD9F6-A986-4F47-92E0-530DCA025141}.Release|x64.Build.0 = Release|x64
	EndGlobalSection
	GlobalSection(SolutionProperties) = preSolution
		HideSolutionNode = FALSE
	EndGlobalSection
	GlobalSection(ExtensibilityGlobals) = postSolution
		SolutionGuid = {5C75297B-BEB1-473A-88CC-12A994FB3B39}
	EndGlobalSection
EndGlobal
